
Microsoft Visual Studio Solution File, Format Version 12.00
# Visual Studio Version 16
VisualStudioVersion = 16.0.31911.196
MinimumVisualStudioVersion = 10.0.40219.1
Project("{FAE04EC0-301F-11D3-BF4B-00C04F79EFBC}") = "CardGame", "CardGame\CardGame.csproj", "{681B1CDC-57D5-4547-B1D9-8F20C8E597BF}"
EndProject
Global
	GlobalSection(SolutionConfigurationPlatforms) = preSolution
		Debug|Any CPU = Debug|Any CPU
		Release|Any CPU = Release|Any CPU
	EndGlobalSection
	GlobalSection(ProjectConfigurationPlatforms) = postSolution
		{681B1CDC-57D5-4547-B1D9-8F20C8E597BF}.Debug|Any CPU.ActiveCfg = Debug|Any CPU
		{681B1CDC-57D5-4547-B1D9-8F20C8E597BF}.Debug|Any CPU.Build.0 = Debug|Any CPU
		{681B1CDC-57D5-4547-B1D9-8F20C8E597BF}.Release|Any CPU.ActiveCfg = Release|Any CPU
		{681B1CDC-57D5-4547-B1D9-8F20C8E597BF}.Release|Any CPU.Build.0 = Release|Any CPU
	EndGlobalSection
	GlobalSection(SolutionProperties) = preSolution
		HideSolutionNode = FALSE
	EndGlobalSection
	GlobalSection(ExtensibilityGlobals) = postSolution
		SolutionGuid = {79E58CEE-0C6E-410A-8862-25B03A78C1D9}
	EndGlobalSection
EndGlobal
